
Microsoft Visual Studio Solution File, Format Version 12.00
# Visual Studio Version 17
VisualStudioVersion = 17.11.35303.130
MinimumVisualStudioVersion = 10.0.40219.1
Project("{2150E333-8FDC-42A3-9474-1A3956D46DE8}") = "src", "src", "{B13BB5CF-E9EC-4715-9B12-6E67779D10E7}"
EndProject
Project("{2150E333-8FDC-42A3-9474-1A3956D46DE8}") = "ShortLink.Domain", "ShortLink.Domain", "{88B130B8-6F10-4527-A71A-2EB4A051A6D3}"
EndProject
Project("{FAE04EC0-301F-11D3-BF4B-00C04F79EFBC}") = "ShortLink.Domain", "ShortLink.Domain\ShortLink.Domain.csproj", "{4D32C995-4EF2-476B-B010-78F9DC2F90D2}"
EndProject
Project("{2150E333-8FDC-42A3-9474-1A3956D46DE8}") = "ShortLink.Presentation", "ShortLink.Presentation", "{6B99A40C-2B20-4100-80FC-7229D5F836D1}"
EndProject
Project("{FAE04EC0-301F-11D3-BF4B-00C04F79EFBC}") = "ShortLink.Presentation", "ShortLink.Presentation\ShortLink.Presentation.csproj", "{BE0BDF9B-1F2A-4F0A-A4D6-B78AD6DCAF72}"
EndProject
Project("{2150E333-8FDC-42A3-9474-1A3956D46DE8}") = "ShortLink.Application", "ShortLink.Application", "{AC0CF890-E1EE-4306-9402-39B1D9164E90}"
EndProject
Project("{FAE04EC0-301F-11D3-BF4B-00C04F79EFBC}") = "ShortLink.Application", "ShortLink.Application\ShortLink.Application.csproj", "{3092D281-56EF-4BFC-9A93-1ECC17719222}"
EndProject
Project("{2150E333-8FDC-42A3-9474-1A3956D46DE8}") = "ShortLink.Infrastructure", "ShortLink.Infrastructure", "{1CF3B945-D5DB-4049-BE60-2DB384176710}"
EndProject
Project("{FAE04EC0-301F-11D3-BF4B-00C04F79EFBC}") = "ShortLink.Infrastructure", "ShortLink.Infrastructure\ShortLink.Infrastructure.csproj", "{7CB0B26D-7DA8-448B-8074-68A780375EED}"
EndProject
Global
	GlobalSection(SolutionConfigurationPlatforms) = preSolution
		Debug|Any CPU = Debug|Any CPU
		Release|Any CPU = Release|Any CPU
	EndGlobalSection
	GlobalSection(ProjectConfigurationPlatforms) = postSolution
		{4D32C995-4EF2-476B-B010-78F9DC2F90D2}.Debug|Any CPU.ActiveCfg = Debug|Any CPU
		{4D32C995-4EF2-476B-B010-78F9DC2F90D2}.Debug|Any CPU.Build.0 = Debug|Any CPU
		{4D32C995-4EF2-476B-B010-78F9DC2F90D2}.Release|Any CPU.ActiveCfg = Release|Any CPU
		{4D32C995-4EF2-476B-B010-78F9DC2F90D2}.Release|Any CPU.Build.0 = Release|Any CPU
		{BE0BDF9B-1F2A-4F0A-A4D6-B78AD6DCAF72}.Debug|Any CPU.ActiveCfg = Debug|Any CPU
		{BE0BDF9B-1F2A-4F0A-A4D6-B78AD6DCAF72}.Debug|Any CPU.Build.0 = Debug|Any CPU
		{BE0BDF9B-1F2A-4F0A-A4D6-B78AD6DCAF72}.Release|Any CPU.ActiveCfg = Release|Any CPU
		{BE0BDF9B-1F2A-4F0A-A4D6-B78AD6DCAF72}.Release|Any CPU.Build.0 = Release|Any CPU
		{3092D281-56EF-4BFC-9A93-1ECC17719222}.Debug|Any CPU.ActiveCfg = Debug|Any CPU
		{3092D281-56EF-4BFC-9A93-1ECC17719222}.Debug|Any CPU.Build.0 = Debug|Any CPU
		{3092D281-56EF-4BFC-9A93-1ECC17719222}.Release|Any CPU.ActiveCfg = Release|Any CPU
		{3092D281-56EF-4BFC-9A93-1ECC17719222}.Release|Any CPU.Build.0 = Release|Any CPU
		{7CB0B26D-7DA8-448B-8074-68A780375EED}.Debug|Any CPU.ActiveCfg = Debug|Any CPU
		{7CB0B26D-7DA8-448B-8074-68A780375EED}.Debug|Any CPU.Build.0 = Debug|Any CPU
		{7CB0B26D-7DA8-448B-8074-68A780375EED}.Release|Any CPU.ActiveCfg = Release|Any CPU
		{7CB0B26D-7DA8-448B-8074-68A780375EED}.Release|Any CPU.Build.0 = Release|Any CPU
	EndGlobalSection
	GlobalSection(SolutionProperties) = preSolution
		HideSolutionNode = FALSE
	EndGlobalSection
	GlobalSection(NestedProjects) = preSolution
		{88B130B8-6F10-4527-A71A-2EB4A051A6D3} = {B13BB5CF-E9EC-4715-9B12-6E67779D10E7}
		{4D32C995-4EF2-476B-B010-78F9DC2F90D2} = {88B130B8-6F10-4527-A71A-2EB4A051A6D3}
		{6B99A40C-2B20-4100-80FC-7229D5F836D1} = {B13BB5CF-E9EC-4715-9B12-6E67779D10E7}
		{BE0BDF9B-1F2A-4F0A-A4D6-B78AD6DCAF72} = {6B99A40C-2B20-4100-80FC-7229D5F836D1}
		{AC0CF890-E1EE-4306-9402-39B1D9164E90} = {B13BB5CF-E9EC-4715-9B12-6E67779D10E7}
		{3092D281-56EF-4BFC-9A93-1ECC17719222} = {AC0CF890-E1EE-4306-9402-39B1D9164E90}
		{1CF3B945-D5DB-4049-BE60-2DB384176710} = {B13BB5CF-E9EC-4715-9B12-6E67779D10E7}
		{7CB0B26D-7DA8-448B-8074-68A780375EED} = {1CF3B945-D5DB-4049-BE60-2DB384176710}
	EndGlobalSection
	GlobalSection(ExtensibilityGlobals) = postSolution
		SolutionGuid = {0F5948C6-C99E-45C0-8B10-5855F516611C}
	EndGlobalSection
EndGlobal
